hash: 16fa66823d7f53e5b50276eeaf80c8ce27df0ca5651d571d353bd1280517e00f
updated: 2018-08-06T19:42:48.480792255+08:00
imports:
- name: github.com/aliyun/alibaba-cloud-sdk-go
  version: 73d3ff1a498e09d0949b29a794746f324ab51883
  subpackages:
  - sdk
  - sdk/auth
  - sdk/auth/credentials
  - sdk/auth/signers
  - sdk/endpoints
  - sdk/errors
  - sdk/requests
  - sdk/responses
  - sdk/utils
  - services/ots
  - services/ram
  - services/rds
  - services/vpc
- name: github.com/aliyun/aliyun-oss-go-sdk
  version: 36bf7aa2f916f274137aedd05d1d36f6a3c0f4a6
  subpackages:
  - oss
- name: github.com/coreos/etcd
  version: 93be31d43a2728d1750120aeae7a483698ccead2
  subpackages:
  - client
  - pkg/pathutil
  - pkg/srv
  - pkg/types
  - version
- name: github.com/coreos/go-semver
  version: e214231b295a8ea9479f11b70b35d5acf3556d9b
  subpackages:
  - semver
- name: github.com/dchest/uniuri
  version: 8902c56451e9b58ff940bbe5fec35d5f9c04584a
- name: github.com/denverdino/aliyungo
  version: d98ca8599d8e7b6913c1a5e7dbb2066739d0cd2a
  subpackages:
  - metadata
  - util
- name: github.com/golang/glog
  version: 23def4e6c14b4da8ac2ed8007337bc5eb5007998
- name: github.com/gorilla/context
  version: 08b5f424b9271eedf6f9f0ce86cb9396ed337a42
- name: github.com/gorilla/mux
  version: cb4698366aa625048f3b815af6a0dea8aef9280a
- name: github.com/jmespath/go-jmespath
  version: c2b33e8439af944379acbdd9c3a5fe0bc44bd8a5
- name: github.com/json-iterator/go
  version: 1624edc4454b8682399def8740d46db5e4362ba4
- name: github.com/modern-go/concurrent
  version: bacd9c7ef1dd9b15be4a9909b8ac7a4e313eec94
- name: github.com/modern-go/reflect2
  version: 94122c33edd36123c84d5368cfb2b69df93a0ec8
- name: github.com/satori/go.uuid
  version: 36e9d2ebbde5e3f13ab2e25625fd453271d6522e
- name: github.com/ugorji/go
  version: 0e8ffdb13c81bdb48fa80a963cf83f10a0f5a496
  subpackages:
  - codec
testImports: []
